
Microsoft Visual Studio Solution File, Format Version 12.00
# Visual Studio Version 16
VisualStudioVersion = 16.0.30804.86
MinimumVisualStudioVersion = 10.0.40219.1
Project("{9A19103F-16F7-4668-BE54-9A1E7A4F7556}") = "RegisterUserReact", "RegisterUserReact\RegisterUserReact.csproj", "{4CFCBD20-805C-4B12-B1F8-566E1E9549C2}"
EndProject
Project("{FAE04EC0-301F-11D3-BF4B-00C04F79EFBC}") = "RegisterUserReact.DAL", "RegisterUserReact.DAL\RegisterUserReact.DAL.csproj", "{6FFE5E36-B04D-48EF-AE12-900E107AFB04}"
EndProject
Global
	GlobalSection(SolutionConfigurationPlatforms) = preSolution
		Debug|Any CPU = Debug|Any CPU
		Release|Any CPU = Release|Any CPU
	EndGlobalSection
	GlobalSection(ProjectConfigurationPlatforms) = postSolution
		{4CFCBD20-805C-4B12-B1F8-566E1E9549C2}.Debug|Any CPU.ActiveCfg = Debug|Any CPU
		{4CFCBD20-805C-4B12-B1F8-566E1E9549C2}.Debug|Any CPU.Build.0 = Debug|Any CPU
		{4CFCBD20-805C-4B12-B1F8-566E1E9549C2}.Release|Any CPU.ActiveCfg = Release|Any CPU
		{4CFCBD20-805C-4B12-B1F8-566E1E9549C2}.Release|Any CPU.Build.0 = Release|Any CPU
		{6FFE5E36-B04D-48EF-AE12-900E107AFB04}.Debug|Any CPU.ActiveCfg = Debug|Any CPU
		{6FFE5E36-B04D-48EF-AE12-900E107AFB04}.Debug|Any CPU.Build.0 = Debug|Any CPU
		{6FFE5E36-B04D-48EF-AE12-900E107AFB04}.Release|Any CPU.ActiveCfg = Release|Any CPU
		{6FFE5E36-B04D-48EF-AE12-900E107AFB04}.Release|Any CPU.Build.0 = Release|Any CPU
	EndGlobalSection
	GlobalSection(SolutionProperties) = preSolution
		HideSolutionNode = FALSE
	EndGlobalSection
	GlobalSection(ExtensibilityGlobals) = postSolution
		SolutionGuid = {2D8B1387-6631-429A-87A6-8E5AA0320DBD}
	EndGlobalSection
EndGlobal
